
Microsoft Visual Studio Solution File, Format Version 12.00
# Visual Studio 2017
Project("{FAE04EC0-301F-11D3-BF4B-00C04F79EFBC}") = "BoxBattles.Plugins", "BoxBattles.Plugins.csproj", "{6A730AFE-7364-D26B-E18C-653D6ED9EF49}"
EndProject
Project("{FAE04EC0-301F-11D3-BF4B-00C04F79EFBC}") = "BoxBattles", "BoxBattles.csproj", "{F1FD6B7F-3B15-DFEF-CD64-66CE9B7F662C}"
EndProject
Global
	GlobalSection(SolutionConfigurationPlatforms) = preSolution
		Debug|Any CPU = Debug|Any CPU
		Release|Any CPU = Release|Any CPU
	EndGlobalSection
	GlobalSection(ProjectConfigurationPlatforms) = postSolution
		{6A730AFE-7364-D26B-E18C-653D6ED9EF49}.Debug|Any CPU.ActiveCfg = Debug|Any CPU
		{6A730AFE-7364-D26B-E18C-653D6ED9EF49}.Debug|Any CPU.Build.0 = Debug|Any CPU
		{6A730AFE-7364-D26B-E18C-653D6ED9EF49}.Release|Any CPU.ActiveCfg = Release|Any CPU
		{6A730AFE-7364-D26B-E18C-653D6ED9EF49}.Release|Any CPU.Build.0 = Release|Any CPU
		{F1FD6B7F-3B15-DFEF-CD64-66CE9B7F662C}.Debug|Any CPU.ActiveCfg = Debug|Any CPU
		{F1FD6B7F-3B15-DFEF-CD64-66CE9B7F662C}.Debug|Any CPU.Build.0 = Debug|Any CPU
		{F1FD6B7F-3B15-DFEF-CD64-66CE9B7F662C}.Release|Any CPU.ActiveCfg = Release|Any CPU
		{F1FD6B7F-3B15-DFEF-CD64-66CE9B7F662C}.Release|Any CPU.Build.0 = Release|Any CPU
	EndGlobalSection
	GlobalSection(SolutionProperties) = preSolution
		HideSolutionNode = FALSE
	EndGlobalSection
EndGlobal
